
Microsoft Visual Studio Solution File, Format Version 12.00
# Visual Studio Version 17
VisualStudioVersion = 17.3.32929.385
MinimumVisualStudioVersion = 10.0.40219.1
Project("{FAE04EC0-301F-11D3-BF4B-00C04F79EFBC}") = "BasicCoreProgram", "BasicCoreProgram.csproj", "{CFC4095B-76A5-4DC6-A199-5CCFA6C89B1D}"
EndProject
Global
	GlobalSection(SolutionConfigurationPlatforms) = preSolution
		Debug|Any CPU = Debug|Any CPU
		Release|Any CPU = Release|Any CPU
	EndGlobalSection
	GlobalSection(ProjectConfigurationPlatforms) = postSolution
		{CFC4095B-76A5-4DC6-A199-5CCFA6C89B1D}.Debug|Any CPU.ActiveCfg = Debug|Any CPU
		{CFC4095B-76A5-4DC6-A199-5CCFA6C89B1D}.Debug|Any CPU.Build.0 = Debug|Any CPU
		{CFC4095B-76A5-4DC6-A199-5CCFA6C89B1D}.Release|Any CPU.ActiveCfg = Release|Any CPU
		{CFC4095B-76A5-4DC6-A199-5CCFA6C89B1D}.Release|Any CPU.Build.0 = Release|Any CPU
	EndGlobalSection
	GlobalSection(SolutionProperties) = preSolution
		HideSolutionNode = FALSE
	EndGlobalSection
	GlobalSection(ExtensibilityGlobals) = postSolution
		SolutionGuid = {09ACE9F7-8401-44CF-9369-BA36E5BF6815}
	EndGlobalSection
EndGlobal
